
Microsoft Visual Studio Solution File, Format Version 12.00
# Visual Studio Version 16
VisualStudioVersion = 16.0.30002.166
MinimumVisualStudioVersion = 10.0.40219.1
Project("{F2A71F9B-5D33-465A-A702-920D77279786}") = "Terricolor", "Terricolor\Terricolor.fsproj", "{104954F7-2993-4842-9EFF-E8D84C4F28E4}"
EndProject
Project("{F2A71F9B-5D33-465A-A702-920D77279786}") = "Test", "Test\Test.fsproj", "{F441124C-A382-4724-B82B-953F2DB196EC}"
EndProject
Project("{F2A71F9B-5D33-465A-A702-920D77279786}") = "Benchmark", "Benchmark\Benchmark.fsproj", "{3E81E33F-51D1-43CA-8D05-9E652D19DFB4}"
EndProject
Project("{2150E333-8FDC-42A3-9474-1A3956D46DE8}") = "Solution Items", "Solution Items", "{F4E13579-D76C-4F66-B2A9-F4CF1BA2FDF2}"
	ProjectSection(SolutionItems) = preProject
		paket.dependencies = paket.dependencies
		paket.lock = paket.lock
	EndProjectSection
EndProject
Global
	GlobalSection(SolutionConfigurationPlatforms) = preSolution
		Debug|Any CPU = Debug|Any CPU
		Release|Any CPU = Release|Any CPU
	EndGlobalSection
	GlobalSection(ProjectConfigurationPlatforms) = postSolution
		{104954F7-2993-4842-9EFF-E8D84C4F28E4}.Debug|Any CPU.ActiveCfg = Debug|Any CPU
		{104954F7-2993-4842-9EFF-E8D84C4F28E4}.Debug|Any CPU.Build.0 = Debug|Any CPU
		{104954F7-2993-4842-9EFF-E8D84C4F28E4}.Release|Any CPU.ActiveCfg = Release|Any CPU
		{104954F7-2993-4842-9EFF-E8D84C4F28E4}.Release|Any CPU.Build.0 = Release|Any CPU
		{F441124C-A382-4724-B82B-953F2DB196EC}.Debug|Any CPU.ActiveCfg = Debug|Any CPU
		{F441124C-A382-4724-B82B-953F2DB196EC}.Debug|Any CPU.Build.0 = Debug|Any CPU
		{F441124C-A382-4724-B82B-953F2DB196EC}.Release|Any CPU.ActiveCfg = Release|Any CPU
		{F441124C-A382-4724-B82B-953F2DB196EC}.Release|Any CPU.Build.0 = Release|Any CPU
		{3E81E33F-51D1-43CA-8D05-9E652D19DFB4}.Debug|Any CPU.ActiveCfg = Debug|Any CPU
		{3E81E33F-51D1-43CA-8D05-9E652D19DFB4}.Debug|Any CPU.Build.0 = Debug|Any CPU
		{3E81E33F-51D1-43CA-8D05-9E652D19DFB4}.Release|Any CPU.ActiveCfg = Release|Any CPU
		{3E81E33F-51D1-43CA-8D05-9E652D19DFB4}.Release|Any CPU.Build.0 = Release|Any CPU
	EndGlobalSection
	GlobalSection(SolutionProperties) = preSolution
		HideSolutionNode = FALSE
	EndGlobalSection
	GlobalSection(ExtensibilityGlobals) = postSolution
		SolutionGuid = {D948C703-E869-46F2-9E6F-E9395507DDAF}
	EndGlobalSection
EndGlobal
